
Microsoft Visual Studio Solution File, Format Version 12.00
# Visual Studio 15
VisualStudioVersion = 15.0.26124.0
MinimumVisualStudioVersion = 15.0.26124.0
Project("{FAE04EC0-301F-11D3-BF4B-00C04F79EFBC}") = "tutorbits-api", "sites\api\tutorbits-api.csproj", "{10444CA3-5F42-4D32-92F5-533C0E017526}"
EndProject
Project("{FAE04EC0-301F-11D3-BF4B-00C04F79EFBC}") = "Tracer", "shared\Tracer\Tracer.csproj", "{D8B3827B-CE6E-424D-A4F6-C0435218E98A}"
EndProject
Project("{2150E333-8FDC-42A3-9474-1A3956D46DE8}") = "cli", "cli", "{B03E629D-7E7D-4219-9911-786520AD87B1}"
EndProject
Project("{FAE04EC0-301F-11D3-BF4B-00C04F79EFBC}") = "LocalTracer", "cli\LocalTracer\LocalTracer.csproj", "{79840444-D3C4-4170-9A90-F68509895FE2}"
EndProject
Project("{2150E333-8FDC-42A3-9474-1A3956D46DE8}") = "libs", "libs", "{3C0CF096-9984-4148-A479-1CA9481788A6}"
EndProject
Project("{2150E333-8FDC-42A3-9474-1A3956D46DE8}") = "models", "models", "{83D61438-DAB4-4D20-A6CC-3DE1A48711DB}"
EndProject
Project("{FAE04EC0-301F-11D3-BF4B-00C04F79EFBC}") = "Common", "libs\models\Common\Common.csproj", "{F88D8062-EEFF-47E2-BD0D-1518015656C4}"
EndProject
Project("{2150E333-8FDC-42A3-9474-1A3956D46DE8}") = "storage", "storage", "{BEE8F38C-C76C-4800-B716-AC96C85BC5BC}"
EndProject
Project("{FAE04EC0-301F-11D3-BF4B-00C04F79EFBC}") = "MicrosoftSQL", "libs\storage\MicrosoftSQL\MicrosoftSQL.csproj", "{9E9C41E5-92DA-4B85-A58E-AF70A4F083B9}"
EndProject
Global
	GlobalSection(SolutionConfigurationPlatforms) = preSolution
		Debug|Any CPU = Debug|Any CPU
		Debug|x64 = Debug|x64
		Debug|x86 = Debug|x86
		Release|Any CPU = Release|Any CPU
		Release|x64 = Release|x64
		Release|x86 = Release|x86
	EndGlobalSection
	GlobalSection(SolutionProperties) = preSolution
		HideSolutionNode = FALSE
	EndGlobalSection
	GlobalSection(ProjectConfigurationPlatforms) = postSolution
		{10444CA3-5F42-4D32-92F5-533C0E017526}.Debug|Any CPU.ActiveCfg = Debug|Any CPU
		{10444CA3-5F42-4D32-92F5-533C0E017526}.Debug|Any CPU.Build.0 = Debug|Any CPU
		{10444CA3-5F42-4D32-92F5-533C0E017526}.Debug|x64.ActiveCfg = Debug|Any CPU
		{10444CA3-5F42-4D32-92F5-533C0E017526}.Debug|x64.Build.0 = Debug|Any CPU
		{10444CA3-5F42-4D32-92F5-533C0E017526}.Debug|x86.ActiveCfg = Debug|Any CPU
		{10444CA3-5F42-4D32-92F5-533C0E017526}.Debug|x86.Build.0 = Debug|Any CPU
		{10444CA3-5F42-4D32-92F5-533C0E017526}.Release|Any CPU.ActiveCfg = Release|Any CPU
		{10444CA3-5F42-4D32-92F5-533C0E017526}.Release|Any CPU.Build.0 = Release|Any CPU
		{10444CA3-5F42-4D32-92F5-533C0E017526}.Release|x64.ActiveCfg = Release|Any CPU
		{10444CA3-5F42-4D32-92F5-533C0E017526}.Release|x64.Build.0 = Release|Any CPU
		{10444CA3-5F42-4D32-92F5-533C0E017526}.Release|x86.ActiveCfg = Release|Any CPU
		{10444CA3-5F42-4D32-92F5-533C0E017526}.Release|x86.Build.0 = Release|Any CPU
		{D8B3827B-CE6E-424D-A4F6-C0435218E98A}.Debug|Any CPU.ActiveCfg = Debug|Any CPU
		{D8B3827B-CE6E-424D-A4F6-C0435218E98A}.Debug|Any CPU.Build.0 = Debug|Any CPU
		{D8B3827B-CE6E-424D-A4F6-C0435218E98A}.Debug|x64.ActiveCfg = Debug|Any CPU
		{D8B3827B-CE6E-424D-A4F6-C0435218E98A}.Debug|x64.Build.0 = Debug|Any CPU
		{D8B3827B-CE6E-424D-A4F6-C0435218E98A}.Debug|x86.ActiveCfg = Debug|Any CPU
		{D8B3827B-CE6E-424D-A4F6-C0435218E98A}.Debug|x86.Build.0 = Debug|Any CPU
		{D8B3827B-CE6E-424D-A4F6-C0435218E98A}.Release|Any CPU.ActiveCfg = Release|Any CPU
		{D8B3827B-CE6E-424D-A4F6-C0435218E98A}.Release|Any CPU.Build.0 = Release|Any CPU
		{D8B3827B-CE6E-424D-A4F6-C0435218E98A}.Release|x64.ActiveCfg = Release|Any CPU
		{D8B3827B-CE6E-424D-A4F6-C0435218E98A}.Release|x64.Build.0 = Release|Any CPU
		{D8B3827B-CE6E-424D-A4F6-C0435218E98A}.Release|x86.ActiveCfg = Release|Any CPU
		{D8B3827B-CE6E-424D-A4F6-C0435218E98A}.Release|x86.Build.0 = Release|Any CPU
		{79840444-D3C4-4170-9A90-F68509895FE2}.Debug|Any CPU.ActiveCfg = Debug|Any CPU
		{79840444-D3C4-4170-9A90-F68509895FE2}.Debug|Any CPU.Build.0 = Debug|Any CPU
		{79840444-D3C4-4170-9A90-F68509895FE2}.Debug|x64.ActiveCfg = Debug|Any CPU
		{79840444-D3C4-4170-9A90-F68509895FE2}.Debug|x64.Build.0 = Debug|Any CPU
		{79840444-D3C4-4170-9A90-F68509895FE2}.Debug|x86.ActiveCfg = Debug|Any CPU
		{79840444-D3C4-4170-9A90-F68509895FE2}.Debug|x86.Build.0 = Debug|Any CPU
		{79840444-D3C4-4170-9A90-F68509895FE2}.Release|Any CPU.ActiveCfg = Release|Any CPU
		{79840444-D3C4-4170-9A90-F68509895FE2}.Release|Any CPU.Build.0 = Release|Any CPU
		{79840444-D3C4-4170-9A90-F68509895FE2}.Release|x64.ActiveCfg = Release|Any CPU
		{79840444-D3C4-4170-9A90-F68509895FE2}.Release|x64.Build.0 = Release|Any CPU
		{79840444-D3C4-4170-9A90-F68509895FE2}.Release|x86.ActiveCfg = Release|Any CPU
		{79840444-D3C4-4170-9A90-F68509895FE2}.Release|x86.Build.0 = Release|Any CPU
		{F88D8062-EEFF-47E2-BD0D-1518015656C4}.Debug|Any CPU.ActiveCfg = Debug|Any CPU
		{F88D8062-EEFF-47E2-BD0D-1518015656C4}.Debug|Any CPU.Build.0 = Debug|Any CPU
		{F88D8062-EEFF-47E2-BD0D-1518015656C4}.Debug|x64.ActiveCfg = Debug|Any CPU
		{F88D8062-EEFF-47E2-BD0D-1518015656C4}.Debug|x64.Build.0 = Debug|Any CPU
		{F88D8062-EEFF-47E2-BD0D-1518015656C4}.Debug|x86.ActiveCfg = Debug|Any CPU
		{F88D8062-EEFF-47E2-BD0D-1518015656C4}.Debug|x86.Build.0 = Debug|Any CPU
		{F88D8062-EEFF-47E2-BD0D-1518015656C4}.Release|Any CPU.ActiveCfg = Release|Any CPU
		{F88D8062-EEFF-47E2-BD0D-1518015656C4}.Release|Any CPU.Build.0 = Release|Any CPU
		{F88D8062-EEFF-47E2-BD0D-1518015656C4}.Release|x64.ActiveCfg = Release|Any CPU
		{F88D8062-EEFF-47E2-BD0D-1518015656C4}.Release|x64.Build.0 = Release|Any CPU
		{F88D8062-EEFF-47E2-BD0D-1518015656C4}.Release|x86.ActiveCfg = Release|Any CPU
		{F88D8062-EEFF-47E2-BD0D-1518015656C4}.Release|x86.Build.0 = Release|Any CPU
		{9E9C41E5-92DA-4B85-A58E-AF70A4F083B9}.Debug|Any CPU.ActiveCfg = Debug|Any CPU
		{9E9C41E5-92DA-4B85-A58E-AF70A4F083B9}.Debug|Any CPU.Build.0 = Debug|Any CPU
		{9E9C41E5-92DA-4B85-A58E-AF70A4F083B9}.Debug|x64.ActiveCfg = Debug|Any CPU
		{9E9C41E5-92DA-4B85-A58E-AF70A4F083B9}.Debug|x64.Build.0 = Debug|Any CPU
		{9E9C41E5-92DA-4B85-A58E-AF70A4F083B9}.Debug|x86.ActiveCfg = Debug|Any CPU
		{9E9C41E5-92DA-4B85-A58E-AF70A4F083B9}.Debug|x86.Build.0 = Debug|Any CPU
		{9E9C41E5-92DA-4B85-A58E-AF70A4F083B9}.Release|Any CPU.ActiveCfg = Release|Any CPU
		{9E9C41E5-92DA-4B85-A58E-AF70A4F083B9}.Release|Any CPU.Build.0 = Release|Any CPU
		{9E9C41E5-92DA-4B85-A58E-AF70A4F083B9}.Release|x64.ActiveCfg = Release|Any CPU
		{9E9C41E5-92DA-4B85-A58E-AF70A4F083B9}.Release|x64.Build.0 = Release|Any CPU
		{9E9C41E5-92DA-4B85-A58E-AF70A4F083B9}.Release|x86.ActiveCfg = Release|Any CPU
		{9E9C41E5-92DA-4B85-A58E-AF70A4F083B9}.Release|x86.Build.0 = Release|Any CPU
	EndGlobalSection
	GlobalSection(NestedProjects) = preSolution
		{79840444-D3C4-4170-9A90-F68509895FE2} = {B03E629D-7E7D-4219-9911-786520AD87B1}
		{83D61438-DAB4-4D20-A6CC-3DE1A48711DB} = {3C0CF096-9984-4148-A479-1CA9481788A6}
		{F88D8062-EEFF-47E2-BD0D-1518015656C4} = {83D61438-DAB4-4D20-A6CC-3DE1A48711DB}
		{BEE8F38C-C76C-4800-B716-AC96C85BC5BC} = {3C0CF096-9984-4148-A479-1CA9481788A6}
		{9E9C41E5-92DA-4B85-A58E-AF70A4F083B9} = {BEE8F38C-C76C-4800-B716-AC96C85BC5BC}
	EndGlobalSection
EndGlobal
