
Microsoft Visual Studio Solution File, Format Version 12.00
# Visual Studio 15
VisualStudioVersion = 15.0.26124.0
MinimumVisualStudioVersion = 15.0.26124.0
Project("{FAE04EC0-301F-11D3-BF4B-00C04F79EFBC}") = "tutorbits-api", "sites\api\tutorbits-api.csproj", "{10444CA3-5F42-4D32-92F5-533C0E017526}"
EndProject
Project("{FAE04EC0-301F-11D3-BF4B-00C04F79EFBC}") = "Tracer", "shared\Tracer\Tracer.csproj", "{D8B3827B-CE6E-424D-A4F6-C0435218E98A}"
EndProject
Project("{FAE04EC0-301F-11D3-BF4B-00C04F79EFBC}") = "LocalTracer", "cli\LocalTracer\LocalTracer.csproj", "{79840444-D3C4-4170-9A90-F68509895FE2}"
EndProject
Project("{FAE04EC0-301F-11D3-BF4B-00C04F79EFBC}") = "Common", "libs\utils\Common\CommonUtils.csproj", "{F88D8062-EEFF-47E2-BD0D-1518015656C4}"
EndProject
Project("{FAE04EC0-301F-11D3-BF4B-00C04F79EFBC}") = "MicrosoftSQL", "libs\storage\MicrosoftSQL\MicrosoftSQL.csproj", "{9E9C41E5-92DA-4B85-A58E-AF70A4F083B9}"
EndProject
Project("{FAE04EC0-301F-11D3-BF4B-00C04F79EFBC}") = "FileDataAccess", "libs\service\FileDataAccess\FileDataAccess.csproj", "{6AAE3CE7-49DB-4984-87AB-55BE3403C7B0}"
EndProject
Project("{FAE04EC0-301F-11D3-BF4B-00C04F79EFBC}") = "DBDataAccess", "libs\service\DBDataAccess\DBDataAccess.csproj", "{236A51EE-94EC-4624-9806-3089D26F73F6}"
EndProject
Project("{2150E333-8FDC-42A3-9474-1A3956D46DE8}") = "libs", "libs", "{32081FBD-84A2-4E5C-B03C-94E2C7CEC9A6}"
EndProject
Project("{2150E333-8FDC-42A3-9474-1A3956D46DE8}") = "storage", "storage", "{9C3BCC91-8E2D-42D8-B758-F29882315BB1}"
EndProject
Project("{FAE04EC0-301F-11D3-BF4B-00C04F79EFBC}") = "WindowsFileSystem", "libs\storage\WindowsFileSystem\WindowsFileSystem.csproj", "{A0D0EE77-DE09-4A79-9701-05F8A50520AF}"
EndProject
Project("{2150E333-8FDC-42A3-9474-1A3956D46DE8}") = "lambda", "lambda", "{915DD834-20DF-486A-8A96-2D40677D39FA}"
EndProject
Project("{2150E333-8FDC-42A3-9474-1A3956D46DE8}") = "functions", "functions", "{A7EC69B5-2107-489E-8C15-24D5409A4948}"
EndProject
Project("{2150E333-8FDC-42A3-9474-1A3956D46DE8}") = "WebmToMp4", "WebmToMp4", "{BA05F665-C2D3-4D53-A48B-33BAD9ADC217}"
EndProject
Project("{2150E333-8FDC-42A3-9474-1A3956D46DE8}") = "src", "src", "{E08BEEC3-C96C-482D-B29A-49950E805177}"
EndProject
Project("{FAE04EC0-301F-11D3-BF4B-00C04F79EFBC}") = "WebmToMp4", "libs\lambda\functions\WebmToMp4\src\WebmToMp4\WebmToMp4.csproj", "{94347977-749E-44B4-B3BF-071D2945116F}"
EndProject
Project("{FAE04EC0-301F-11D3-BF4B-00C04F79EFBC}") = "LambdaModels", "libs\lambda\LambdaModels\LambdaModels.csproj", "{04CDD56D-3398-4CA5-8D24-00D7788E0A71}"
EndProject
Global
	GlobalSection(SolutionConfigurationPlatforms) = preSolution
		Debug|Any CPU = Debug|Any CPU
		Debug|x64 = Debug|x64
		Debug|x86 = Debug|x86
		Release|Any CPU = Release|Any CPU
		Release|x64 = Release|x64
		Release|x86 = Release|x86
	EndGlobalSection
	GlobalSection(SolutionProperties) = preSolution
		HideSolutionNode = FALSE
	EndGlobalSection
	GlobalSection(ProjectConfigurationPlatforms) = postSolution
		{10444CA3-5F42-4D32-92F5-533C0E017526}.Debug|Any CPU.ActiveCfg = Debug|Any CPU
		{10444CA3-5F42-4D32-92F5-533C0E017526}.Debug|Any CPU.Build.0 = Debug|Any CPU
		{10444CA3-5F42-4D32-92F5-533C0E017526}.Debug|x64.ActiveCfg = Debug|Any CPU
		{10444CA3-5F42-4D32-92F5-533C0E017526}.Debug|x64.Build.0 = Debug|Any CPU
		{10444CA3-5F42-4D32-92F5-533C0E017526}.Debug|x86.ActiveCfg = Debug|Any CPU
		{10444CA3-5F42-4D32-92F5-533C0E017526}.Debug|x86.Build.0 = Debug|Any CPU
		{10444CA3-5F42-4D32-92F5-533C0E017526}.Release|Any CPU.ActiveCfg = Release|Any CPU
		{10444CA3-5F42-4D32-92F5-533C0E017526}.Release|Any CPU.Build.0 = Release|Any CPU
		{10444CA3-5F42-4D32-92F5-533C0E017526}.Release|x64.ActiveCfg = Release|Any CPU
		{10444CA3-5F42-4D32-92F5-533C0E017526}.Release|x64.Build.0 = Release|Any CPU
		{10444CA3-5F42-4D32-92F5-533C0E017526}.Release|x86.ActiveCfg = Release|Any CPU
		{10444CA3-5F42-4D32-92F5-533C0E017526}.Release|x86.Build.0 = Release|Any CPU
		{D8B3827B-CE6E-424D-A4F6-C0435218E98A}.Debug|Any CPU.ActiveCfg = Debug|Any CPU
		{D8B3827B-CE6E-424D-A4F6-C0435218E98A}.Debug|Any CPU.Build.0 = Debug|Any CPU
		{D8B3827B-CE6E-424D-A4F6-C0435218E98A}.Debug|x64.ActiveCfg = Debug|Any CPU
		{D8B3827B-CE6E-424D-A4F6-C0435218E98A}.Debug|x64.Build.0 = Debug|Any CPU
		{D8B3827B-CE6E-424D-A4F6-C0435218E98A}.Debug|x86.ActiveCfg = Debug|Any CPU
		{D8B3827B-CE6E-424D-A4F6-C0435218E98A}.Debug|x86.Build.0 = Debug|Any CPU
		{D8B3827B-CE6E-424D-A4F6-C0435218E98A}.Release|Any CPU.ActiveCfg = Release|Any CPU
		{D8B3827B-CE6E-424D-A4F6-C0435218E98A}.Release|Any CPU.Build.0 = Release|Any CPU
		{D8B3827B-CE6E-424D-A4F6-C0435218E98A}.Release|x64.ActiveCfg = Release|Any CPU
		{D8B3827B-CE6E-424D-A4F6-C0435218E98A}.Release|x64.Build.0 = Release|Any CPU
		{D8B3827B-CE6E-424D-A4F6-C0435218E98A}.Release|x86.ActiveCfg = Release|Any CPU
		{D8B3827B-CE6E-424D-A4F6-C0435218E98A}.Release|x86.Build.0 = Release|Any CPU
		{79840444-D3C4-4170-9A90-F68509895FE2}.Debug|Any CPU.ActiveCfg = Debug|Any CPU
		{79840444-D3C4-4170-9A90-F68509895FE2}.Debug|Any CPU.Build.0 = Debug|Any CPU
		{79840444-D3C4-4170-9A90-F68509895FE2}.Debug|x64.ActiveCfg = Debug|Any CPU
		{79840444-D3C4-4170-9A90-F68509895FE2}.Debug|x64.Build.0 = Debug|Any CPU
		{79840444-D3C4-4170-9A90-F68509895FE2}.Debug|x86.ActiveCfg = Debug|Any CPU
		{79840444-D3C4-4170-9A90-F68509895FE2}.Debug|x86.Build.0 = Debug|Any CPU
		{79840444-D3C4-4170-9A90-F68509895FE2}.Release|Any CPU.ActiveCfg = Release|Any CPU
		{79840444-D3C4-4170-9A90-F68509895FE2}.Release|Any CPU.Build.0 = Release|Any CPU
		{79840444-D3C4-4170-9A90-F68509895FE2}.Release|x64.ActiveCfg = Release|Any CPU
		{79840444-D3C4-4170-9A90-F68509895FE2}.Release|x64.Build.0 = Release|Any CPU
		{79840444-D3C4-4170-9A90-F68509895FE2}.Release|x86.ActiveCfg = Release|Any CPU
		{79840444-D3C4-4170-9A90-F68509895FE2}.Release|x86.Build.0 = Release|Any CPU
		{F88D8062-EEFF-47E2-BD0D-1518015656C4}.Debug|Any CPU.ActiveCfg = Debug|Any CPU
		{F88D8062-EEFF-47E2-BD0D-1518015656C4}.Debug|Any CPU.Build.0 = Debug|Any CPU
		{F88D8062-EEFF-47E2-BD0D-1518015656C4}.Debug|x64.ActiveCfg = Debug|Any CPU
		{F88D8062-EEFF-47E2-BD0D-1518015656C4}.Debug|x64.Build.0 = Debug|Any CPU
		{F88D8062-EEFF-47E2-BD0D-1518015656C4}.Debug|x86.ActiveCfg = Debug|Any CPU
		{F88D8062-EEFF-47E2-BD0D-1518015656C4}.Debug|x86.Build.0 = Debug|Any CPU
		{F88D8062-EEFF-47E2-BD0D-1518015656C4}.Release|Any CPU.ActiveCfg = Release|Any CPU
		{F88D8062-EEFF-47E2-BD0D-1518015656C4}.Release|Any CPU.Build.0 = Release|Any CPU
		{F88D8062-EEFF-47E2-BD0D-1518015656C4}.Release|x64.ActiveCfg = Release|Any CPU
		{F88D8062-EEFF-47E2-BD0D-1518015656C4}.Release|x64.Build.0 = Release|Any CPU
		{F88D8062-EEFF-47E2-BD0D-1518015656C4}.Release|x86.ActiveCfg = Release|Any CPU
		{F88D8062-EEFF-47E2-BD0D-1518015656C4}.Release|x86.Build.0 = Release|Any CPU
		{9E9C41E5-92DA-4B85-A58E-AF70A4F083B9}.Debug|Any CPU.ActiveCfg = Debug|Any CPU
		{9E9C41E5-92DA-4B85-A58E-AF70A4F083B9}.Debug|Any CPU.Build.0 = Debug|Any CPU
		{9E9C41E5-92DA-4B85-A58E-AF70A4F083B9}.Debug|x64.ActiveCfg = Debug|Any CPU
		{9E9C41E5-92DA-4B85-A58E-AF70A4F083B9}.Debug|x64.Build.0 = Debug|Any CPU
		{9E9C41E5-92DA-4B85-A58E-AF70A4F083B9}.Debug|x86.ActiveCfg = Debug|Any CPU
		{9E9C41E5-92DA-4B85-A58E-AF70A4F083B9}.Debug|x86.Build.0 = Debug|Any CPU
		{9E9C41E5-92DA-4B85-A58E-AF70A4F083B9}.Release|Any CPU.ActiveCfg = Release|Any CPU
		{9E9C41E5-92DA-4B85-A58E-AF70A4F083B9}.Release|Any CPU.Build.0 = Release|Any CPU
		{9E9C41E5-92DA-4B85-A58E-AF70A4F083B9}.Release|x64.ActiveCfg = Release|Any CPU
		{9E9C41E5-92DA-4B85-A58E-AF70A4F083B9}.Release|x64.Build.0 = Release|Any CPU
		{9E9C41E5-92DA-4B85-A58E-AF70A4F083B9}.Release|x86.ActiveCfg = Release|Any CPU
		{9E9C41E5-92DA-4B85-A58E-AF70A4F083B9}.Release|x86.Build.0 = Release|Any CPU
		{6AAE3CE7-49DB-4984-87AB-55BE3403C7B0}.Debug|Any CPU.ActiveCfg = Debug|Any CPU
		{6AAE3CE7-49DB-4984-87AB-55BE3403C7B0}.Debug|Any CPU.Build.0 = Debug|Any CPU
		{6AAE3CE7-49DB-4984-87AB-55BE3403C7B0}.Debug|x64.ActiveCfg = Debug|Any CPU
		{6AAE3CE7-49DB-4984-87AB-55BE3403C7B0}.Debug|x64.Build.0 = Debug|Any CPU
		{6AAE3CE7-49DB-4984-87AB-55BE3403C7B0}.Debug|x86.ActiveCfg = Debug|Any CPU
		{6AAE3CE7-49DB-4984-87AB-55BE3403C7B0}.Debug|x86.Build.0 = Debug|Any CPU
		{6AAE3CE7-49DB-4984-87AB-55BE3403C7B0}.Release|Any CPU.ActiveCfg = Release|Any CPU
		{6AAE3CE7-49DB-4984-87AB-55BE3403C7B0}.Release|Any CPU.Build.0 = Release|Any CPU
		{6AAE3CE7-49DB-4984-87AB-55BE3403C7B0}.Release|x64.ActiveCfg = Release|Any CPU
		{6AAE3CE7-49DB-4984-87AB-55BE3403C7B0}.Release|x64.Build.0 = Release|Any CPU
		{6AAE3CE7-49DB-4984-87AB-55BE3403C7B0}.Release|x86.ActiveCfg = Release|Any CPU
		{6AAE3CE7-49DB-4984-87AB-55BE3403C7B0}.Release|x86.Build.0 = Release|Any CPU
		{236A51EE-94EC-4624-9806-3089D26F73F6}.Debug|Any CPU.ActiveCfg = Debug|Any CPU
		{236A51EE-94EC-4624-9806-3089D26F73F6}.Debug|Any CPU.Build.0 = Debug|Any CPU
		{236A51EE-94EC-4624-9806-3089D26F73F6}.Debug|x64.ActiveCfg = Debug|Any CPU
		{236A51EE-94EC-4624-9806-3089D26F73F6}.Debug|x64.Build.0 = Debug|Any CPU
		{236A51EE-94EC-4624-9806-3089D26F73F6}.Debug|x86.ActiveCfg = Debug|Any CPU
		{236A51EE-94EC-4624-9806-3089D26F73F6}.Debug|x86.Build.0 = Debug|Any CPU
		{236A51EE-94EC-4624-9806-3089D26F73F6}.Release|Any CPU.ActiveCfg = Release|Any CPU
		{236A51EE-94EC-4624-9806-3089D26F73F6}.Release|Any CPU.Build.0 = Release|Any CPU
		{236A51EE-94EC-4624-9806-3089D26F73F6}.Release|x64.ActiveCfg = Release|Any CPU
		{236A51EE-94EC-4624-9806-3089D26F73F6}.Release|x64.Build.0 = Release|Any CPU
		{236A51EE-94EC-4624-9806-3089D26F73F6}.Release|x86.ActiveCfg = Release|Any CPU
		{236A51EE-94EC-4624-9806-3089D26F73F6}.Release|x86.Build.0 = Release|Any CPU
		{A0D0EE77-DE09-4A79-9701-05F8A50520AF}.Debug|Any CPU.ActiveCfg = Debug|Any CPU
		{A0D0EE77-DE09-4A79-9701-05F8A50520AF}.Debug|Any CPU.Build.0 = Debug|Any CPU
		{A0D0EE77-DE09-4A79-9701-05F8A50520AF}.Debug|x64.ActiveCfg = Debug|Any CPU
		{A0D0EE77-DE09-4A79-9701-05F8A50520AF}.Debug|x64.Build.0 = Debug|Any CPU
		{A0D0EE77-DE09-4A79-9701-05F8A50520AF}.Debug|x86.ActiveCfg = Debug|Any CPU
		{A0D0EE77-DE09-4A79-9701-05F8A50520AF}.Debug|x86.Build.0 = Debug|Any CPU
		{A0D0EE77-DE09-4A79-9701-05F8A50520AF}.Release|Any CPU.ActiveCfg = Release|Any CPU
		{A0D0EE77-DE09-4A79-9701-05F8A50520AF}.Release|Any CPU.Build.0 = Release|Any CPU
		{A0D0EE77-DE09-4A79-9701-05F8A50520AF}.Release|x64.ActiveCfg = Release|Any CPU
		{A0D0EE77-DE09-4A79-9701-05F8A50520AF}.Release|x64.Build.0 = Release|Any CPU
		{A0D0EE77-DE09-4A79-9701-05F8A50520AF}.Release|x86.ActiveCfg = Release|Any CPU
		{A0D0EE77-DE09-4A79-9701-05F8A50520AF}.Release|x86.Build.0 = Release|Any CPU
		{94347977-749E-44B4-B3BF-071D2945116F}.Debug|Any CPU.ActiveCfg = Debug|Any CPU
		{94347977-749E-44B4-B3BF-071D2945116F}.Debug|Any CPU.Build.0 = Debug|Any CPU
		{94347977-749E-44B4-B3BF-071D2945116F}.Debug|x64.ActiveCfg = Debug|Any CPU
		{94347977-749E-44B4-B3BF-071D2945116F}.Debug|x64.Build.0 = Debug|Any CPU
		{94347977-749E-44B4-B3BF-071D2945116F}.Debug|x86.ActiveCfg = Debug|Any CPU
		{94347977-749E-44B4-B3BF-071D2945116F}.Debug|x86.Build.0 = Debug|Any CPU
		{94347977-749E-44B4-B3BF-071D2945116F}.Release|Any CPU.ActiveCfg = Release|Any CPU
		{94347977-749E-44B4-B3BF-071D2945116F}.Release|Any CPU.Build.0 = Release|Any CPU
		{94347977-749E-44B4-B3BF-071D2945116F}.Release|x64.ActiveCfg = Release|Any CPU
		{94347977-749E-44B4-B3BF-071D2945116F}.Release|x64.Build.0 = Release|Any CPU
		{94347977-749E-44B4-B3BF-071D2945116F}.Release|x86.ActiveCfg = Release|Any CPU
		{94347977-749E-44B4-B3BF-071D2945116F}.Release|x86.Build.0 = Release|Any CPU
		{04CDD56D-3398-4CA5-8D24-00D7788E0A71}.Debug|Any CPU.ActiveCfg = Debug|Any CPU
		{04CDD56D-3398-4CA5-8D24-00D7788E0A71}.Debug|Any CPU.Build.0 = Debug|Any CPU
		{04CDD56D-3398-4CA5-8D24-00D7788E0A71}.Debug|x64.ActiveCfg = Debug|Any CPU
		{04CDD56D-3398-4CA5-8D24-00D7788E0A71}.Debug|x64.Build.0 = Debug|Any CPU
		{04CDD56D-3398-4CA5-8D24-00D7788E0A71}.Debug|x86.ActiveCfg = Debug|Any CPU
		{04CDD56D-3398-4CA5-8D24-00D7788E0A71}.Debug|x86.Build.0 = Debug|Any CPU
		{04CDD56D-3398-4CA5-8D24-00D7788E0A71}.Release|Any CPU.ActiveCfg = Release|Any CPU
		{04CDD56D-3398-4CA5-8D24-00D7788E0A71}.Release|Any CPU.Build.0 = Release|Any CPU
		{04CDD56D-3398-4CA5-8D24-00D7788E0A71}.Release|x64.ActiveCfg = Release|Any CPU
		{04CDD56D-3398-4CA5-8D24-00D7788E0A71}.Release|x64.Build.0 = Release|Any CPU
		{04CDD56D-3398-4CA5-8D24-00D7788E0A71}.Release|x86.ActiveCfg = Release|Any CPU
		{04CDD56D-3398-4CA5-8D24-00D7788E0A71}.Release|x86.Build.0 = Release|Any CPU
	EndGlobalSection
	GlobalSection(NestedProjects) = preSolution
		{9C3BCC91-8E2D-42D8-B758-F29882315BB1} = {32081FBD-84A2-4E5C-B03C-94E2C7CEC9A6}
		{A0D0EE77-DE09-4A79-9701-05F8A50520AF} = {9C3BCC91-8E2D-42D8-B758-F29882315BB1}
		{915DD834-20DF-486A-8A96-2D40677D39FA} = {32081FBD-84A2-4E5C-B03C-94E2C7CEC9A6}
		{A7EC69B5-2107-489E-8C15-24D5409A4948} = {915DD834-20DF-486A-8A96-2D40677D39FA}
		{BA05F665-C2D3-4D53-A48B-33BAD9ADC217} = {A7EC69B5-2107-489E-8C15-24D5409A4948}
		{E08BEEC3-C96C-482D-B29A-49950E805177} = {BA05F665-C2D3-4D53-A48B-33BAD9ADC217}
		{94347977-749E-44B4-B3BF-071D2945116F} = {E08BEEC3-C96C-482D-B29A-49950E805177}
		{04CDD56D-3398-4CA5-8D24-00D7788E0A71} = {915DD834-20DF-486A-8A96-2D40677D39FA}
	EndGlobalSection
EndGlobal
